// !$*UTF8*$!
{
	archiveVersion = 1;
	classes = {
	};
	objectVersion = 56;
	objects = {

/* Begin PBXBuildFile section */
		0B0C61292B10C7A30043B17D /* BeerProjectApp.swift in Sources */ = {isa = PBXBuildFile; fileRef = 0B0C61282B10C7A30043B17D /* BeerProjectApp.swift */; };
		0B0C612B2B10C7A30043B17D /* ContentView.swift in Sources */ = {isa = PBXBuildFile; fileRef = 0B0C612A2B10C7A30043B17D /* ContentView.swift */; };
		0B0C612D2B10C7A50043B17D /* Assets.xcassets in Resources */ = {isa = PBXBuildFile; fileRef = 0B0C612C2B10C7A50043B17D /* Assets.xcassets */; };
		0B0C61302B10C7A50043B17D /* Preview Assets.xcassets in Resources */ = {isa = PBXBuildFile; fileRef = 0B0C612F2B10C7A50043B17D /* Preview Assets.xcassets */; };
		0B0C613A2B10C7A50043B17D /* BeerProjectTests.swift in Sources */ = {isa = PBXBuildFile; fileRef = 0B0C61392B10C7A50043B17D /* BeerProjectTests.swift */; };
		0B0C61442B10C7A50043B17D /* BeerProjectUITests.swift in Sources */ = {isa = PBXBuildFile; fileRef = 0B0C61432B10C7A50043B17D /* BeerProjectUITests.swift */; };
		0B0C61462B10C7A50043B17D /* BeerProjectUITestsLaunchTests.swift in Sources */ = {isa = PBXBuildFile; fileRef = 0B0C61452B10C7A50043B17D /* BeerProjectUITestsLaunchTests.swift */; };
		0B91DCA52B19E15400D60EEA /* ManufacturerDetail.swift in Sources */ = {isa = PBXBuildFile; fileRef = 0B91DCA42B19E15400D60EEA /* ManufacturerDetail.swift */; };
		0B91DCA72B19E67B00D60EEA /* ManufacturerModel.swift in Sources */ = {isa = PBXBuildFile; fileRef = 0B91DCA62B19E67B00D60EEA /* ManufacturerModel.swift */; };
		0B91DCA92B1A08BD00D60EEA /* BeerDetail.swift in Sources */ = {isa = PBXBuildFile; fileRef = 0B91DCA82B1A08BD00D60EEA /* BeerDetail.swift */; };
/* End PBXBuildFile section */

/* Begin PBXContainerItemProxy section */
		0B0C61362B10C7A50043B17D /* PBXContainerItemProxy */ = {
			isa = PBXContainerItemProxy;
			containerPortal = 0B0C611D2B10C7A30043B17D /* Project object */;
			proxyType = 1;
			remoteGlobalIDString = 0B0C61242B10C7A30043B17D;
			remoteInfo = BeerProject;
		};
		0B0C61402B10C7A50043B17D /* PBXContainerItemProxy */ = {
			isa = PBXContainerItemProxy;
			containerPortal = 0B0C611D2B10C7A30043B17D /* Project object */;
			proxyType = 1;
			remoteGlobalIDString = 0B0C61242B10C7A30043B17D;
			remoteInfo = BeerProject;
		};
/* End PBXContainerItemProxy section */

/* Begin PBXFileReference section */
		0B0C61252B10C7A30043B17D /* BeerProject.app */ = {isa = PBXFileReference; explicitFileType = wrapper.application; includeInIndex = 0; path = BeerProject.app; sourceTree = BUILT_PRODUCTS_DIR; };
		0B0C61282B10C7A30043B17D /* BeerProjectApp.swift */ = {isa = PBXFileReference; lastKnownFileType = sourcecode.swift; path = BeerProjectApp.swift; sourceTree = "<group>"; };
		0B0C612A2B10C7A30043B17D /* ContentView.swift */ = {isa = PBXFileReference; lastKnownFileType = sourcecode.swift; path = ContentView.swift; sourceTree = "<group>"; };
		0B0C612C2B10C7A50043B17D /* Assets.xcassets */ = {isa = PBXFileReference; lastKnownFileType = folder.assetcatalog; path = Assets.xcassets; sourceTree = "<group>"; };
		0B0C612F2B10C7A50043B17D /* Preview Assets.xcassets */ = {isa = PBXFileReference; lastKnownFileType = folder.assetcatalog; path = "Preview Assets.xcassets"; sourceTree = "<group>"; };
		0B0C61352B10C7A50043B17D /* BeerProjectTests.xctest */ = {isa = PBXFileReference; explicitFileType = wrapper.cfbundle; includeInIndex = 0; path = BeerProjectTests.xctest; sourceTree = BUILT_PRODUCTS_DIR; };
		0B0C61392B10C7A50043B17D /* BeerProjectTests.swift */ = {isa = PBXFileReference; lastKnownFileType = sourcecode.swift; path = BeerProjectTests.swift; sourceTree = "<group>"; };
		0B0C613F2B10C7A50043B17D /* BeerProjectUITests.xctest */ = {isa = PBXFileReference; explicitFileType = wrapper.cfbundle; includeInIndex = 0; path = BeerProjectUITests.xctest; sourceTree = BUILT_PRODUCTS_DIR; };
		0B0C61432B10C7A50043B17D /* BeerProjectUITests.swift */ = {isa = PBXFileReference; lastKnownFileType = sourcecode.swift; path = BeerProjectUITests.swift; sourceTree = "<group>"; };
		0B0C61452B10C7A50043B17D /* BeerProjectUITestsLaunchTests.swift */ = {isa = PBXFileReference; lastKnownFileType = sourcecode.swift; path = BeerProjectUITestsLaunchTests.swift; sourceTree = "<group>"; };
		0B91DCA42B19E15400D60EEA /* ManufacturerDetail.swift */ = {isa = PBXFileReference; lastKnownFileType = sourcecode.swift; path = ManufacturerDetail.swift; sourceTree = "<group>"; };
		0B91DCA62B19E67B00D60EEA /* ManufacturerModel.swift */ = {isa = PBXFileReference; lastKnownFileType = sourcecode.swift; path = ManufacturerModel.swift; sourceTree = "<group>"; };
		0B91DCA82B1A08BD00D60EEA /* BeerDetail.swift */ = {isa = PBXFileReference; lastKnownFileType = sourcecode.swift; path = BeerDetail.swift; sourceTree = "<group>"; };
/* End PBXFileReference section */

/* Begin PBXFrameworksBuildPhase section */
		0B0C61222B10C7A30043B17D /* Frameworks */ = {
			isa = PBXFrameworksBuildPhase;
			buildActionMask = 2147483647;
			files = (
			);
			runOnlyForDeploymentPostprocessing = 0;
		};
		0B0C61322B10C7A50043B17D /* Frameworks */ = {
			isa = PBXFrameworksBuildPhase;
			buildActionMask = 2147483647;
			files = (
			);
			runOnlyForDeploymentPostprocessing = 0;
		};
		0B0C613C2B10C7A50043B17D /* Frameworks */ = {
			isa = PBXFrameworksBuildPhase;
			buildActionMask = 2147483647;
			files = (
			);
			runOnlyForDeploymentPostprocessing = 0;
		};
/* End PBXFrameworksBuildPhase section */

/* Begin PBXGroup section */
		0B0C611C2B10C7A30043B17D = {
			isa = PBXGroup;
			children = (
				0B0C61272B10C7A30043B17D /* BeerProject */,
				0B0C61382B10C7A50043B17D /* BeerProjectTests */,
				0B0C61422B10C7A50043B17D /* BeerProjectUITests */,
				0B0C61262B10C7A30043B17D /* Products */,
			);
			sourceTree = "<group>";
		};
		0B0C61262B10C7A30043B17D /* Products */ = {
			isa = PBXGroup;
			children = (
				0B0C61252B10C7A30043B17D /* BeerProject.app */,
				0B0C61352B10C7A50043B17D /* BeerProjectTests.xctest */,
				0B0C613F2B10C7A50043B17D /* BeerProjectUITests.xctest */,
			);
			name = Products;
			sourceTree = "<group>";
		};
		0B0C61272B10C7A30043B17D /* BeerProject */ = {
			isa = PBXGroup;
			children = (
				0B0C61282B10C7A30043B17D /* BeerProjectApp.swift */,
				0B0C612A2B10C7A30043B17D /* ContentView.swift */,
				0B91DCA42B19E15400D60EEA /* ManufacturerDetail.swift */,
				0B91DCA62B19E67B00D60EEA /* ManufacturerModel.swift */,
				0B91DCA82B1A08BD00D60EEA /* BeerDetail.swift */,
				0B0C612C2B10C7A50043B17D /* Assets.xcassets */,
				0B0C612E2B10C7A50043B17D /* Preview Content */,
			);
			path = BeerProject;
			sourceTree = "<group>";
		};
		0B0C612E2B10C7A50043B17D /* Preview Content */ = {
			isa = PBXGroup;
			children = (
				0B0C612F2B10C7A50043B17D /* Preview Assets.xcassets */,
			);
			path = "Preview Content";
			sourceTree = "<group>";
		};
		0B0C61382B10C7A50043B17D /* BeerProjectTests */ = {
			isa = PBXGroup;
			children = (
				0B0C61392B10C7A50043B17D /* BeerProjectTests.swift */,
			);
			path = BeerProjectTests;
			sourceTree = "<group>";
		};
		0B0C61422B10C7A50043B17D /* BeerProjectUITests */ = {
			isa = PBXGroup;
			children = (
				0B0C61432B10C7A50043B17D /* BeerProjectUITests.swift */,
				0B0C61452B10C7A50043B17D /* BeerProjectUITestsLaunchTests.swift */,
			);
			path = BeerProjectUITests;
			sourceTree = "<group>";
		};
/* End PBXGroup section */

/* Begin PBXNativeTarget section */
		0B0C61242B10C7A30043B17D /* BeerProject */ = {
			isa = PBXNativeTarget;
			buildConfigurationList = 0B0C61492B10C7A50043B17D /* Build configuration list for PBXNativeTarget "BeerProject" */;
			buildPhases = (
				0B0C61212B10C7A30043B17D /* Sources */,
				0B0C61222B10C7A30043B17D /* Frameworks */,
				0B0C61232B10C7A30043B17D /* Resources */,
			);
			buildRules = (
			);
			dependencies = (
			);
			name = BeerProject;
			productName = BeerProject;
			productReference = 0B0C61252B10C7A30043B17D /* BeerProject.app */;
			productType = "com.apple.product-type.application";
		};
		0B0C61342B10C7A50043B17D /* BeerProjectTests */ = {
			isa = PBXNativeTarget;
			buildConfigurationList = 0B0C614C2B10C7A50043B17D /* Build configuration list for PBXNativeTarget "BeerProjectTests" */;
			buildPhases = (
				0B0C61312B10C7A50043B17D /* Sources */,
				0B0C61322B10C7A50043B17D /* Frameworks */,
				0B0C61332B10C7A50043B17D /* Resources */,
			);
			buildRules = (
			);
			dependencies = (
				0B0C61372B10C7A50043B17D /* PBXTargetDependency */,
			);
			name = BeerProjectTests;
			productName = BeerProjectTests;
			productReference = 0B0C61352B10C7A50043B17D /* BeerProjectTests.xctest */;
			productType = "com.apple.product-type.bundle.unit-test";
		};
		0B0C613E2B10C7A50043B17D /* BeerProjectUITests */ = {
			isa = PBXNativeTarget;
			buildConfigurationList = 0B0C614F2B10C7A50043B17D /* Build configuration list for PBXNativeTarget "BeerProjectUITests" */;
			buildPhases = (
				0B0C613B2B10C7A50043B17D /* Sources */,
				0B0C613C2B10C7A50043B17D /* Frameworks */,
				0B0C613D2B10C7A50043B17D /* Resources */,
			);
			buildRules = (
			);
			dependencies = (
				0B0C61412B10C7A50043B17D /* PBXTargetDependency */,
			);
			name = BeerProjectUITests;
			productName = BeerProjectUITests;
			productReference = 0B0C613F2B10C7A50043B17D /* BeerProjectUITests.xctest */;
			productType = "com.apple.product-type.bundle.ui-testing";
		};
/* End PBXNativeTarget section */

/* Begin PBXProject section */
		0B0C611D2B10C7A30043B17D /* Project object */ = {
			isa = PBXProject;
			attributes = {
				BuildIndependentTargetsInParallel = 1;
				LastSwiftUpdateCheck = 1500;
				LastUpgradeCheck = 1500;
				TargetAttributes = {
					0B0C61242B10C7A30043B17D = {
						CreatedOnToolsVersion = 15.0.1;
					};
					0B0C61342B10C7A50043B17D = {
						CreatedOnToolsVersion = 15.0.1;
						TestTargetID = 0B0C61242B10C7A30043B17D;
					};
					0B0C613E2B10C7A50043B17D = {
						CreatedOnToolsVersion = 15.0.1;
						TestTargetID = 0B0C61242B10C7A30043B17D;
					};
				};
			};
			buildConfigurationList = 0B0C61202B10C7A30043B17D /* Build configuration list for PBXProject "BeerProject" */;
			compatibilityVersion = "Xcode 14.0";
			developmentRegion = en;
			hasScannedForEncodings = 0;
			knownRegions = (
				en,
				Base,
			);
			mainGroup = 0B0C611C2B10C7A30043B17D;
			productRefGroup = 0B0C61262B10C7A30043B17D /* Products */;
			projectDirPath = "";
			projectRoot = "";
			targets = (
				0B0C61242B10C7A30043B17D /* BeerProject */,
				0B0C61342B10C7A50043B17D /* BeerProjectTests */,
				0B0C613E2B10C7A50043B17D /* BeerProjectUITests */,
			);
		};
/* End PBXProject section */

/* Begin PBXResourcesBuildPhase section */
		0B0C61232B10C7A30043B17D /* Resources */ = {
			isa = PBXResourcesBuildPhase;
			buildActionMask = 2147483647;
			files = (
				0B0C61302B10C7A50043B17D /* Preview Assets.xcassets in Resources */,
				0B0C612D2B10C7A50043B17D /* Assets.xcassets in Resources */,
			);
			runOnlyForDeploymentPostprocessing = 0;
		};
		0B0C61332B10C7A50043B17D /* Resources */ = {
			isa = PBXResourcesBuildPhase;
			buildActionMask = 2147483647;
			files = (
			);
			runOnlyForDeploymentPostprocessing = 0;
		};
		0B0C613D2B10C7A50043B17D /* Resources */ = {
			isa = PBXResourcesBuildPhase;
			buildActionMask = 2147483647;
			files = (
			);
			runOnlyForDeploymentPostprocessing = 0;
		};
/* End PBXResourcesBuildPhase section */

/* Begin PBXSourcesBuildPhase section */
		0B0C61212B10C7A30043B17D /* Sources */ = {
			isa = PBXSourcesBuildPhase;
			buildActionMask = 2147483647;
			files = (
				0B91DCA72B19E67B00D60EEA /* ManufacturerModel.swift in Sources */,
				0B91DCA52B19E15400D60EEA /* ManufacturerDetail.swift in Sources */,
				0B0C612B2B10C7A30043B17D /* ContentView.swift in Sources */,
				0B0C61292B10C7A30043B17D /* BeerProjectApp.swift in Sources */,
				0B91DCA92B1A08BD00D60EEA /* BeerDetail.swift in Sources */,
			);
			runOnlyForDeploymentPostprocessing = 0;
		};
		0B0C61312B10C7A50043B17D /* Sources */ = {
			isa = PBXSourcesBuildPhase;
			buildActionMask = 2147483647;
			files = (
				0B0C613A2B10C7A50043B17D /* BeerProjectTests.swift in Sources */,
			);
			runOnlyForDeploymentPostprocessing = 0;
		};
		0B0C613B2B10C7A50043B17D /* Sources */ = {
			isa = PBXSourcesBuildPhase;
			buildActionMask = 2147483647;
			files = (
				0B0C61462B10C7A50043B17D /* BeerProjectUITestsLaunchTests.swift in Sources */,
				0B0C61442B10C7A50043B17D /* BeerProjectUITests.swift in Sources */,
			);
			runOnlyForDeploymentPostprocessing = 0;
		};
/* End PBXSourcesBuildPhase section */

/* Begin PBXTargetDependency section */
		0B0C61372B10C7A50043B17D /* PBXTargetDependency */ = {
			isa = PBXTargetDependency;
			target = 0B0C61242B10C7A30043B17D /* BeerProject */;
			targetProxy = 0B0C61362B10C7A50043B17D /* PBXContainerItemProxy */;
		};
		0B0C61412B10C7A50043B17D /* PBXTargetDependency */ = {
			isa = PBXTargetDependency;
			target = 0B0C61242B10C7A30043B17D /* BeerProject */;
			targetProxy = 0B0C61402B10C7A50043B17D /* PBXContainerItemProxy */;
		};
/* End PBXTargetDependency section */

/* Begin XCBuildConfiguration section */
		0B0C61472B10C7A50043B17D /* Debug */ = {
			isa = XCBuildConfiguration;
			buildSettings = {
				ALWAYS_SEARCH_USER_PATHS = NO;
				ASSETCATALOG_COMPILER_GENERATE_SWIFT_ASSET_SYMBOL_EXTENSIONS = YES;
				CLANG_ANALYZER_NONNULL = YES;
				CLANG_ANALYZER_NUMBER_OBJECT_CONVERSION = YES_AGGRESSIVE;
				CLANG_CXX_LANGUAGE_STANDARD = "gnu++20";
				CLANG_ENABLE_MODULES = YES;
				CLANG_ENABLE_OBJC_ARC = YES;
				CLANG_ENABLE_OBJC_WEAK = YES;
				CLANG_WARN_BLOCK_CAPTURE_AUTORELEASING = YES;
				CLANG_WARN_BOOL_CONVERSION = YES;
				CLANG_WARN_COMMA = YES;
				CLANG_WARN_CONSTANT_CONVERSION = YES;
				CLANG_WARN_DEPRECATED_OBJC_IMPLEMENTATIONS = YES;
				CLANG_WARN_DIRECT_OBJC_ISA_USAGE = YES_ERROR;
				CLANG_WARN_DOCUMENTATION_COMMENTS = YES;
				CLANG_WARN_EMPTY_BODY = YES;
				CLANG_WARN_ENUM_CONVERSION = YES;
				CLANG_WARN_INFINITE_RECURSION = YES;
				CLANG_WARN_INT_CONVERSION = YES;
				CLANG_WARN_NON_LITERAL_NULL_CONVERSION = YES;
				CLANG_WARN_OBJC_IMPLICIT_RETAIN_SELF = YES;
				CLANG_WARN_OBJC_LITERAL_CONVERSION = YES;
				CLANG_WARN_OBJC_ROOT_CLASS = YES_ERROR;
				CLANG_WARN_QUOTED_INCLUDE_IN_FRAMEWORK_HEADER = YES;
				CLANG_WARN_RANGE_LOOP_ANALYSIS = YES;
				CLANG_WARN_STRICT_PROTOTYPES = YES;
				CLANG_WARN_SUSPICIOUS_MOVE = YES;
				CLANG_WARN_UNGUARDED_AVAILABILITY = YES_AGGRESSIVE;
				CLANG_WARN_UNREACHABLE_CODE = YES;
				CLANG_WARN__DUPLICATE_METHOD_MATCH = YES;
				COPY_PHASE_STRIP = NO;
				DEBUG_INFORMATION_FORMAT = dwarf;
				ENABLE_STRICT_OBJC_MSGSEND = YES;
				ENABLE_TESTABILITY = YES;
				ENABLE_USER_SCRIPT_SANDBOXING = YES;
				GCC_C_LANGUAGE_STANDARD = gnu17;
				GCC_DYNAMIC_NO_PIC = NO;
				GCC_NO_COMMON_BLOCKS = YES;
				GCC_OPTIMIZATION_LEVEL = 0;
				GCC_PREPROCESSOR_DEFINITIONS = (
					"DEBUG=1",
					"$(inherited)",
				);
				GCC_WARN_64_TO_32_BIT_CONVERSION = YES;
				GCC_WARN_ABOUT_RETURN_TYPE = YES_ERROR;
				GCC_WARN_UNDECLARED_SELECTOR = YES;
				GCC_WARN_UNINITIALIZED_AUTOS = YES_AGGRESSIVE;
				GCC_WARN_UNUSED_FUNCTION = YES;
				GCC_WARN_UNUSED_VARIABLE = YES;
				IPHONEOS_DEPLOYMENT_TARGET = 17.0;
				LOCALIZATION_PREFERS_STRING_CATALOGS = YES;
				MTL_ENABLE_DEBUG_INFO = INCLUDE_SOURCE;
				MTL_FAST_MATH = YES;
				ONLY_ACTIVE_ARCH = YES;
				SDKROOT = iphoneos;
				SWIFT_ACTIVE_COMPILATION_CONDITIONS = "DEBUG $(inherited)";
				SWIFT_OPTIMIZATION_LEVEL = "-Onone";
			};
			name = Debug;
		};
		0B0C61482B10C7A50043B17D /* Release */ = {
			isa = XCBuildConfiguration;
			buildSettings = {
				ALWAYS_SEARCH_USER_PATHS = NO;
				ASSETCATALOG_COMPILER_GENERATE_SWIFT_ASSET_SYMBOL_EXTENSIONS = YES;
				CLANG_ANALYZER_NONNULL = YES;
				CLANG_ANALYZER_NUMBER_OBJECT_CONVERSION = YES_AGGRESSIVE;
				CLANG_CXX_LANGUAGE_STANDARD = "gnu++20";
				CLANG_ENABLE_MODULES = YES;
				CLANG_ENABLE_OBJC_ARC = YES;
				CLANG_ENABLE_OBJC_WEAK = YES;
				CLANG_WARN_BLOCK_CAPTURE_AUTORELEASING = YES;
				CLANG_WARN_BOOL_CONVERSION = YES;
				CLANG_WARN_COMMA = YES;
				CLANG_WARN_CONSTANT_CONVERSION = YES;
				CLANG_WARN_DEPRECATED_OBJC_IMPLEMENTATIONS = YES;
				CLANG_WARN_DIRECT_OBJC_ISA_USAGE = YES_ERROR;
				CLANG_WARN_DOCUMENTATION_COMMENTS = YES;
				CLANG_WARN_EMPTY_BODY = YES;
				CLANG_WARN_ENUM_CONVERSION = YES;
				CLANG_WARN_INFINITE_RECURSION = YES;
				CLANG_WARN_INT_CONVERSION = YES;
				CLANG_WARN_NON_LITERAL_NULL_CONVERSION = YES;
				CLANG_WARN_OBJC_IMPLICIT_RETAIN_SELF = YES;
				CLANG_WARN_OBJC_LITERAL_CONVERSION = YES;
				CLANG_WARN_OBJC_ROOT_CLASS = YES_ERROR;
				CLANG_WARN_QUOTED_INCLUDE_IN_FRAMEWORK_HEADER = YES;
				CLANG_WARN_RANGE_LOOP_ANALYSIS = YES;
				CLANG_WARN_STRICT_PROTOTYPES = YES;
				CLANG_WARN_SUSPICIOUS_MOVE = YES;
				CLANG_WARN_UNGUARDED_AVAILABILITY = YES_AGGRESSIVE;
				CLANG_WARN_UNREACHABLE_CODE = YES;
				CLANG_WARN__DUPLICATE_METHOD_MATCH = YES;
				COPY_PHASE_STRIP = NO;
				DEBUG_INFORMATION_FORMAT = "dwarf-with-dsym";
				ENABLE_NS_ASSERTIONS = NO;
				ENABLE_STRICT_OBJC_MSGSEND = YES;
				ENABLE_USER_SCRIPT_SANDBOXING = YES;
				GCC_C_LANGUAGE_STANDARD = gnu17;
				GCC_NO_COMMON_BLOCKS = YES;
				GCC_WARN_64_TO_32_BIT_CONVERSION = YES;
				GCC_WARN_ABOUT_RETURN_TYPE = YES_ERROR;
				GCC_WARN_UNDECLARED_SELECTOR = YES;
				GCC_WARN_UNINITIALIZED_AUTOS = YES_AGGRESSIVE;
				GCC_WARN_UNUSED_FUNCTION = YES;
				GCC_WARN_UNUSED_VARIABLE = YES;
				IPHONEOS_DEPLOYMENT_TARGET = 17.0;
				LOCALIZATION_PREFERS_STRING_CATALOGS = YES;
				MTL_ENABLE_DEBUG_INFO = NO;
				MTL_FAST_MATH = YES;
				SDKROOT = iphoneos;
				SWIFT_COMPILATION_MODE = wholemodule;
				VALIDATE_PRODUCT = YES;
			};
			name = Release;
		};
		0B0C614A2B10C7A50043B17D /* Debug */ = {
			isa = XCBuildConfiguration;
			buildSettings = {
				ASSETCATALOG_COMPILER_APPICON_NAME = AppIcon;
				ASSETCATALOG_COMPILER_GLOBAL_ACCENT_COLOR_NAME = AccentColor;
				CODE_SIGN_STYLE = Automatic;
				CURRENT_PROJECT_VERSION = 1;
				DEVELOPMENT_ASSET_PATHS = "\"BeerProject/Preview Content\"";
				ENABLE_PREVIEWS = YES;
				GENERATE_INFOPLIST_FILE = YES;
				INFOPLIST_KEY_UIApplicationSceneManifest_Generation = YES;
				INFOPLIST_KEY_UIApplicationSupportsIndirectInputEvents = YES;
				INFOPLIST_KEY_UILaunchScreen_Generation = YES;
				INFOPLIST_KEY_UISupportedInterfaceOrientations_iPad = "UIInterfaceOrientationPortrait UIInterfaceOrientationPortraitUpsideDown UIInterfaceOrientationLandscapeLeft UIInterfaceOrientationLandscapeRight";
				INFOPLIST_KEY_UISupportedInterfaceOrientations_iPhone = "UIInterfaceOrientationPortrait UIInterfaceOrientationLandscapeLeft UIInterfaceOrientationLandscapeRight";
				LD_RUNPATH_SEARCH_PATHS = (
					"$(inherited)",
					"@executable_path/Frameworks",
				);
				MARKETING_VERSION = 1.0;
				PRODUCT_BUNDLE_IDENTIFIER = danimulas.BeerProject;
				PRODUCT_NAME = "$(TARGET_NAME)";
				SWIFT_EMIT_LOC_STRINGS = YES;
				SWIFT_VERSION = 5.0;
				TARGETED_DEVICE_FAMILY = "1,2";
			};
			name = Debug;
		};
		0B0C614B2B10C7A50043B17D /* Release */ = {
			isa = XCBuildConfiguration;
			buildSettings = {
				ASSETCATALOG_COMPILER_APPICON_NAME = AppIcon;
				ASSETCATALOG_COMPILER_GLOBAL_ACCENT_COLOR_NAME = AccentColor;
				CODE_SIGN_STYLE = Automatic;
				CURRENT_PROJECT_VERSION = 1;
				DEVELOPMENT_ASSET_PATHS = "\"BeerProject/Preview Content\"";
				ENABLE_PREVIEWS = YES;
				GENERATE_INFOPLIST_FILE = YES;
				INFOPLIST_KEY_UIApplicationSceneManifest_Generation = YES;
				INFOPLIST_KEY_UIApplicationSupportsIndirectInputEvents = YES;
				INFOPLIST_KEY_UILaunchScreen_Generation = YES;
				INFOPLIST_KEY_UISupportedInterfaceOrientations_iPad = "UIInterfaceOrientationPortrait UIInterfaceOrientationPortraitUpsideDown UIInterfaceOrientationLandscapeLeft UIInterfaceOrientationLandscapeRight";
				INFOPLIST_KEY_UISupportedInterfaceOrientations_iPhone = "UIInterfaceOrientationPortrait UIInterfaceOrientationLandscapeLeft UIInterfaceOrientationLandscapeRight";
				LD_RUNPATH_SEARCH_PATHS = (
					"$(inherited)",
					"@executable_path/Frameworks",
				);
				MARKETING_VERSION = 1.0;
				PRODUCT_BUNDLE_IDENTIFIER = danimulas.BeerProject;
				PRODUCT_NAME = "$(TARGET_NAME)";
				SWIFT_EMIT_LOC_STRINGS = YES;
				SWIFT_VERSION = 5.0;
				TARGETED_DEVICE_FAMILY = "1,2";
			};
			name = Release;
		};
		0B0C614D2B10C7A50043B17D /* Debug */ = {
			isa = XCBuildConfiguration;
			buildSettings = {
				ALWAYS_EMBED_SWIFT_STANDARD_LIBRARIES = YES;
				BUNDLE_LOADER = "$(TEST_HOST)";
				CODE_SIGN_STYLE = Automatic;
				CURRENT_PROJECT_VERSION = 1;
				GENERATE_INFOPLIST_FILE = YES;
				IPHONEOS_DEPLOYMENT_TARGET = 17.0;
				MARKETING_VERSION = 1.0;
				PRODUCT_BUNDLE_IDENTIFIER = danimulas.BeerProjectTests;
				PRODUCT_NAME = "$(TARGET_NAME)";
				SWIFT_EMIT_LOC_STRINGS = NO;
				SWIFT_VERSION = 5.0;
				TARGETED_DEVICE_FAMILY = "1,2";
				TEST_HOST = "$(BUILT_PRODUCTS_DIR)/BeerProject.app/$(BUNDLE_EXECUTABLE_FOLDER_PATH)/BeerProject";
			};
			name = Debug;
		};
		0B0C614E2B10C7A50043B17D /* Release */ = {
			isa = XCBuildConfiguration;
			buildSettings = {
				ALWAYS_EMBED_SWIFT_STANDARD_LIBRARIES = YES;
				BUNDLE_LOADER = "$(TEST_HOST)";
				CODE_SIGN_STYLE = Automatic;
				CURRENT_PROJECT_VERSION = 1;
				GENERATE_INFOPLIST_FILE = YES;
				IPHONEOS_DEPLOYMENT_TARGET = 17.0;
				MARKETING_VERSION = 1.0;
				PRODUCT_BUNDLE_IDENTIFIER = danimulas.BeerProjectTests;
				PRODUCT_NAME = "$(TARGET_NAME)";
				SWIFT_EMIT_LOC_STRINGS = NO;
				SWIFT_VERSION = 5.0;
				TARGETED_DEVICE_FAMILY = "1,2";
				TEST_HOST = "$(BUILT_PRODUCTS_DIR)/BeerProject.app/$(BUNDLE_EXECUTABLE_FOLDER_PATH)/BeerProject";
			};
			name = Release;
		};
		0B0C61502B10C7A50043B17D /* Debug */ = {
			isa = XCBuildConfiguration;
			buildSettings = {
				ALWAYS_EMBED_SWIFT_STANDARD_LIBRARIES = YES;
				CODE_SIGN_STYLE = Automatic;
				CURRENT_PROJECT_VERSION = 1;
				GENERATE_INFOPLIST_FILE = YES;
				MARKETING_VERSION = 1.0;
				PRODUCT_BUNDLE_IDENTIFIER = danimulas.BeerProjectUITests;
				PRODUCT_NAME = "$(TARGET_NAME)";
				SWIFT_EMIT_LOC_STRINGS = NO;
				SWIFT_VERSION = 5.0;
				TARGETED_DEVICE_FAMILY = "1,2";
				TEST_TARGET_NAME = BeerProject;
			};
			name = Debug;
		};
		0B0C61512B10C7A50043B17D /* Release */ = {
			isa = XCBuildConfiguration;
			buildSettings = {
				ALWAYS_EMBED_SWIFT_STANDARD_LIBRARIES = YES;
				CODE_SIGN_STYLE = Automatic;
				CURRENT_PROJECT_VERSION = 1;
				GENERATE_INFOPLIST_FILE = YES;
				MARKETING_VERSION = 1.0;
				PRODUCT_BUNDLE_IDENTIFIER = danimulas.BeerProjectUITests;
				PRODUCT_NAME = "$(TARGET_NAME)";
				SWIFT_EMIT_LOC_STRINGS = NO;
				SWIFT_VERSION = 5.0;
				TARGETED_DEVICE_FAMILY = "1,2";
				TEST_TARGET_NAME = BeerProject;
			};
			name = Release;
		};
/* End XCBuildConfiguration section */

/* Begin XCConfigurationList section */
		0B0C61202B10C7A30043B17D /* Build configuration list for PBXProject "BeerProject" */ = {
			isa = XCConfigurationList;
			buildConfigurations = (
				0B0C61472B10C7A50043B17D /* Debug */,
				0B0C61482B10C7A50043B17D /* Release */,
			);
			defaultConfigurationIsVisible = 0;
			defaultConfigurationName = Release;
		};
		0B0C61492B10C7A50043B17D /* Build configuration list for PBXNativeTarget "BeerProject" */ = {
			isa = XCConfigurationList;
			buildConfigurations = (
				0B0C614A2B10C7A50043B17D /* Debug */,
				0B0C614B2B10C7A50043B17D /* Release */,
			);
			defaultConfigurationIsVisible = 0;
			defaultConfigurationName = Release;
		};
		0B0C614C2B10C7A50043B17D /* Build configuration list for PBXNativeTarget "BeerProjectTests" */ = {
			isa = XCConfigurationList;
			buildConfigurations = (
				0B0C614D2B10C7A50043B17D /* Debug */,
				0B0C614E2B10C7A50043B17D /* Release */,
			);
			defaultConfigurationIsVisible = 0;
			defaultConfigurationName = Release;
		};
		0B0C614F2B10C7A50043B17D /* Build configuration list for PBXNativeTarget "BeerProjectUITests" */ = {
			isa = XCConfigurationList;
			buildConfigurations = (
				0B0C61502B10C7A50043B17D /* Debug */,
				0B0C61512B10C7A50043B17D /* Release */,
			);
			defaultConfigurationIsVisible = 0;
			defaultConfigurationName = Release;
		};
/* End XCConfigurationList section */
	};
	rootObject = 0B0C611D2B10C7A30043B17D /* Project object */;
}
